// !$*UTF8*$!
{
	archiveVersion = 1;
	classes = {
	};
	objectVersion = 55;
	objects = {

/* Begin PBXBuildFile section */
		4CB2BA3A2818803C00B1B1B2 /* AppDelegate.swift in Sources */ = {isa = PBXBuildFile; fileRef = 4CB2BA392818803C00B1B1B2 /* AppDelegate.swift */; };
		4CB2BA3C2818803D00B1B1B2 /* SceneDelegate.swift in Sources */ = {isa = PBXBuildFile; fileRef = 4CB2BA3B2818803D00B1B1B2 /* SceneDelegate.swift */; };
		4CB2BA3E2818803D00B1B1B2 /* ViewController.swift in Sources */ = {isa = PBXBuildFile; fileRef = 4CB2BA3D2818803D00B1B1B2 /* ViewController.swift */; };
		4CB2BA412818803D00B1B1B2 /* Main.storyboard in Resources */ = {isa = PBXBuildFile; fileRef = 4CB2BA3F2818803D00B1B1B2 /* Main.storyboard */; };
		4CB2BA432818804000B1B1B2 /* Assets.xcassets in Resources */ = {isa = PBXBuildFile; fileRef = 4CB2BA422818804000B1B1B2 /* Assets.xcassets */; };
		4CB2BA462818804000B1B1B2 /* LaunchScreen.storyboard in Resources */ = {isa = PBXBuildFile; fileRef = 4CB2BA442818804000B1B1B2 /* LaunchScreen.storyboard */; };
		4CB2BA51281881F900B1B1B2 /* Bubbles.swift in Sources */ = {isa = PBXBuildFile; fileRef = 4CB2BA50281881F900B1B1B2 /* Bubbles.swift */; };
		4CBD83842821AEF90015DC84 /* PlayViewController.swift in Sources */ = {isa = PBXBuildFile; fileRef = 4CBD83832821AEF90015DC84 /* PlayViewController.swift */; };
		4CBD83862821AF120015DC84 /* HighScoreViewController.swift in Sources */ = {isa = PBXBuildFile; fileRef = 4CBD83852821AF120015DC84 /* HighScoreViewController.swift */; };
		4CBD83882821AF2E0015DC84 /* SettingViewController.swift in Sources */ = {isa = PBXBuildFile; fileRef = 4CBD83872821AF2E0015DC84 /* SettingViewController.swift */; };
		4CC58A6D285BAE9D00EAC4FB /* 87.png in Resources */ = {isa = PBXBuildFile; fileRef = 4CC58A62285BAE9D00EAC4FB /* 87.png */; };
		4CC58A6E285BAE9D00EAC4FB /* 57.png in Resources */ = {isa = PBXBuildFile; fileRef = 4CC58A63285BAE9D00EAC4FB /* 57.png */; };
		4CC58A6F285BAE9D00EAC4FB /* 29.png in Resources */ = {isa = PBXBuildFile; fileRef = 4CC58A64285BAE9D00EAC4FB /* 29.png */; };
		4CC58A70285BAE9D00EAC4FB /* 114.png in Resources */ = {isa = PBXBuildFile; fileRef = 4CC58A65285BAE9D00EAC4FB /* 114.png */; };
		4CC58A71285BAE9D00EAC4FB /* 40.png in Resources */ = {isa = PBXBuildFile; fileRef = 4CC58A66285BAE9D00EAC4FB /* 40.png */; };
		4CC58A72285BAE9D00EAC4FB /* 60.png in Resources */ = {isa = PBXBuildFile; fileRef = 4CC58A67285BAE9D00EAC4FB /* 60.png */; };
		4CC58A73285BAE9D00EAC4FB /* 80.png in Resources */ = {isa = PBXBuildFile; fileRef = 4CC58A68285BAE9D00EAC4FB /* 80.png */; };
		4CC58A74285BAE9D00EAC4FB /* 1024.png in Resources */ = {isa = PBXBuildFile; fileRef = 4CC58A69285BAE9D00EAC4FB /* 1024.png */; };
		4CC58A75285BAE9D00EAC4FB /* 58.png in Resources */ = {isa = PBXBuildFile; fileRef = 4CC58A6A285BAE9D00EAC4FB /* 58.png */; };
		4CC58A76285BAE9D00EAC4FB /* 120.png in Resources */ = {isa = PBXBuildFile; fileRef = 4CC58A6B285BAE9D00EAC4FB /* 120.png */; };
		4CC58A77285BAE9D00EAC4FB /* 180.png in Resources */ = {isa = PBXBuildFile; fileRef = 4CC58A6C285BAE9D00EAC4FB /* 180.png */; };
/* End PBXBuildFile section */

/* Begin PBXFileReference section */
		4CB2BA362818803C00B1B1B2 /* Bubbles.app */ = {isa = PBXFileReference; explicitFileType = wrapper.application; includeInIndex = 0; path = Bubbles.app; sourceTree = BUILT_PRODUCTS_DIR; };
		4CB2BA392818803C00B1B1B2 /* AppDelegate.swift */ = {isa = PBXFileReference; lastKnownFileType = sourcecode.swift; path = AppDelegate.swift; sourceTree = "<group>"; };
		4CB2BA3B2818803D00B1B1B2 /* SceneDelegate.swift */ = {isa = PBXFileReference; lastKnownFileType = sourcecode.swift; path = SceneDelegate.swift; sourceTree = "<group>"; };
		4CB2BA3D2818803D00B1B1B2 /* ViewController.swift */ = {isa = PBXFileReference; lastKnownFileType = sourcecode.swift; path = ViewController.swift; sourceTree = "<group>"; };
		4CB2BA402818803D00B1B1B2 /* Base */ = {isa = PBXFileReference; lastKnownFileType = file.storyboard; name = Base; path = Base.lproj/Main.storyboard; sourceTree = "<group>"; };
		4CB2BA422818804000B1B1B2 /* Assets.xcassets */ = {isa = PBXFileReference; lastKnownFileType = folder.assetcatalog; path = Assets.xcassets; sourceTree = "<group>"; };
		4CB2BA452818804000B1B1B2 /* Base */ = {isa = PBXFileReference; lastKnownFileType = file.storyboard; name = Base; path = Base.lproj/LaunchScreen.storyboard; sourceTree = "<group>"; };
		4CB2BA472818804000B1B1B2 /* Info.plist */ = {isa = PBXFileReference; lastKnownFileType = text.plist.xml; path = Info.plist; sourceTree = "<group>"; };
		4CB2BA50281881F900B1B1B2 /* Bubbles.swift */ = {isa = PBXFileReference; lastKnownFileType = sourcecode.swift; path = Bubbles.swift; sourceTree = "<group>"; };
		4CBD83832821AEF90015DC84 /* PlayViewController.swift */ = {isa = PBXFileReference; lastKnownFileType = sourcecode.swift; path = PlayViewController.swift; sourceTree = "<group>"; };
		4CBD83852821AF120015DC84 /* HighScoreViewController.swift */ = {isa = PBXFileReference; lastKnownFileType = sourcecode.swift; path = HighScoreViewController.swift; sourceTree = "<group>"; };
		4CBD83872821AF2E0015DC84 /* SettingViewController.swift */ = {isa = PBXFileReference; lastKnownFileType = sourcecode.swift; path = SettingViewController.swift; sourceTree = "<group>"; };
		4CC58A62285BAE9D00EAC4FB /* 87.png */ = {isa = PBXFileReference; lastKnownFileType = image.png; path = 87.png; sourceTree = "<group>"; };
		4CC58A63285BAE9D00EAC4FB /* 57.png */ = {isa = PBXFileReference; lastKnownFileType = image.png; path = 57.png; sourceTree = "<group>"; };
		4CC58A64285BAE9D00EAC4FB /* 29.png */ = {isa = PBXFileReference; lastKnownFileType = image.png; path = 29.png; sourceTree = "<group>"; };
		4CC58A65285BAE9D00EAC4FB /* 114.png */ = {isa = PBXFileReference; lastKnownFileType = image.png; path = 114.png; sourceTree = "<group>"; };
		4CC58A66285BAE9D00EAC4FB /* 40.png */ = {isa = PBXFileReference; lastKnownFileType = image.png; path = 40.png; sourceTree = "<group>"; };
		4CC58A67285BAE9D00EAC4FB /* 60.png */ = {isa = PBXFileReference; lastKnownFileType = image.png; path = 60.png; sourceTree = "<group>"; };
		4CC58A68285BAE9D00EAC4FB /* 80.png */ = {isa = PBXFileReference; lastKnownFileType = image.png; path = 80.png; sourceTree = "<group>"; };
		4CC58A69285BAE9D00EAC4FB /* 1024.png */ = {isa = PBXFileReference; lastKnownFileType = image.png; path = 1024.png; sourceTree = "<group>"; };
		4CC58A6A285BAE9D00EAC4FB /* 58.png */ = {isa = PBXFileReference; lastKnownFileType = image.png; path = 58.png; sourceTree = "<group>"; };
		4CC58A6B285BAE9D00EAC4FB /* 120.png */ = {isa = PBXFileReference; lastKnownFileType = image.png; path = 120.png; sourceTree = "<group>"; };
		4CC58A6C285BAE9D00EAC4FB /* 180.png */ = {isa = PBXFileReference; lastKnownFileType = image.png; path = 180.png; sourceTree = "<group>"; };
/* End PBXFileReference section */

/* Begin PBXFrameworksBuildPhase section */
		4CB2BA332818803C00B1B1B2 /* Frameworks */ = {
			isa = PBXFrameworksBuildPhase;
			buildActionMask = 2147483647;
			files = (
			);
			runOnlyForDeploymentPostprocessing = 0;
		};
/* End PBXFrameworksBuildPhase section */

/* Begin PBXGroup section */
		4CB2BA2D2818803C00B1B1B2 = {
			isa = PBXGroup;
			children = (
				4CB2BA382818803C00B1B1B2 /* Bubbles */,
				4CB2BA372818803C00B1B1B2 /* Products */,
			);
			sourceTree = "<group>";
		};
		4CB2BA372818803C00B1B1B2 /* Products */ = {
			isa = PBXGroup;
			children = (
				4CB2BA362818803C00B1B1B2 /* Bubbles.app */,
			);
			name = Products;
			sourceTree = "<group>";
		};
		4CB2BA382818803C00B1B1B2 /* Bubbles */ = {
			isa = PBXGroup;
			children = (
				4CB2BA4F2818808E00B1B1B2 /* Controller */,
				4CB2BA4E2818808800B1B1B2 /* View */,
				4CB2BA4D2818807F00B1B1B2 /* Model */,
				4CB2BA392818803C00B1B1B2 /* AppDelegate.swift */,
				4CB2BA3B2818803D00B1B1B2 /* SceneDelegate.swift */,
				4CB2BA422818804000B1B1B2 /* Assets.xcassets */,
				4CB2BA442818804000B1B1B2 /* LaunchScreen.storyboard */,
				4CB2BA472818804000B1B1B2 /* Info.plist */,
				4CC58A78285BAEF000EAC4FB /* AppIcons */,
			);
			path = Bubbles;
			sourceTree = "<group>";
		};
		4CB2BA4D2818807F00B1B1B2 /* Model */ = {
			isa = PBXGroup;
			children = (
				4CB2BA50281881F900B1B1B2 /* Bubbles.swift */,
			);
			path = Model;
			sourceTree = "<group>";
		};
		4CB2BA4E2818808800B1B1B2 /* View */ = {
			isa = PBXGroup;
			children = (
				4CB2BA3F2818803D00B1B1B2 /* Main.storyboard */,
			);
			path = View;
			sourceTree = "<group>";
		};
		4CB2BA4F2818808E00B1B1B2 /* Controller */ = {
			isa = PBXGroup;
			children = (
				4CB2BA3D2818803D00B1B1B2 /* ViewController.swift */,
				4CBD83832821AEF90015DC84 /* PlayViewController.swift */,
				4CBD83852821AF120015DC84 /* HighScoreViewController.swift */,
				4CBD83872821AF2E0015DC84 /* SettingViewController.swift */,
			);
			path = Controller;
			sourceTree = "<group>";
		};
		4CC58A78285BAEF000EAC4FB /* AppIcons */ = {
			isa = PBXGroup;
			children = (
				4CC58A64285BAE9D00EAC4FB /* 29.png */,
				4CC58A66285BAE9D00EAC4FB /* 40.png */,
				4CC58A63285BAE9D00EAC4FB /* 57.png */,
				4CC58A6A285BAE9D00EAC4FB /* 58.png */,
				4CC58A67285BAE9D00EAC4FB /* 60.png */,
				4CC58A68285BAE9D00EAC4FB /* 80.png */,
				4CC58A62285BAE9D00EAC4FB /* 87.png */,
				4CC58A65285BAE9D00EAC4FB /* 114.png */,
				4CC58A6B285BAE9D00EAC4FB /* 120.png */,
				4CC58A6C285BAE9D00EAC4FB /* 180.png */,
				4CC58A69285BAE9D00EAC4FB /* 1024.png */,
			);
			path = AppIcons;
			sourceTree = "<group>";
		};
/* End PBXGroup section */

/* Begin PBXNativeTarget section */
		4CB2BA352818803C00B1B1B2 /* Bubbles */ = {
			isa = PBXNativeTarget;
			buildConfigurationList = 4CB2BA4A2818804000B1B1B2 /* Build configuration list for PBXNativeTarget "Bubbles" */;
			buildPhases = (
				4CB2BA322818803C00B1B1B2 /* Sources */,
				4CB2BA332818803C00B1B1B2 /* Frameworks */,
				4CB2BA342818803C00B1B1B2 /* Resources */,
			);
			buildRules = (
			);
			dependencies = (
			);
			name = Bubbles;
			productName = Bubbles;
			productReference = 4CB2BA362818803C00B1B1B2 /* Bubbles.app */;
			productType = "com.apple.product-type.application";
		};
/* End PBXNativeTarget section */

/* Begin PBXProject section */
		4CB2BA2E2818803C00B1B1B2 /* Project object */ = {
			isa = PBXProject;
			attributes = {
				BuildIndependentTargetsInParallel = 1;
				LastSwiftUpdateCheck = 1330;
				LastUpgradeCheck = 1330;
				TargetAttributes = {
					4CB2BA352818803C00B1B1B2 = {
						CreatedOnToolsVersion = 13.3.1;
					};
				};
			};
			buildConfigurationList = 4CB2BA312818803C00B1B1B2 /* Build configuration list for PBXProject "Bubbles" */;
			compatibilityVersion = "Xcode 13.0";
			developmentRegion = en;
			hasScannedForEncodings = 0;
			knownRegions = (
				en,
				Base,
			);
			mainGroup = 4CB2BA2D2818803C00B1B1B2;
			productRefGroup = 4CB2BA372818803C00B1B1B2 /* Products */;
			projectDirPath = "";
			projectRoot = "";
			targets = (
				4CB2BA352818803C00B1B1B2 /* Bubbles */,
			);
		};
/* End PBXProject section */

/* Begin PBXResourcesBuildPhase section */
		4CB2BA342818803C00B1B1B2 /* Resources */ = {
			isa = PBXResourcesBuildPhase;
			buildActionMask = 2147483647;
			files = (
				4CC58A76285BAE9D00EAC4FB /* 120.png in Resources */,
				4CC58A6F285BAE9D00EAC4FB /* 29.png in Resources */,
				4CC58A6E285BAE9D00EAC4FB /* 57.png in Resources */,
				4CC58A6D285BAE9D00EAC4FB /* 87.png in Resources */,
				4CB2BA462818804000B1B1B2 /* LaunchScreen.storyboard in Resources */,
				4CB2BA432818804000B1B1B2 /* Assets.xcassets in Resources */,
				4CC58A73285BAE9D00EAC4FB /* 80.png in Resources */,
				4CC58A71285BAE9D00EAC4FB /* 40.png in Resources */,
				4CC58A70285BAE9D00EAC4FB /* 114.png in Resources */,
				4CC58A77285BAE9D00EAC4FB /* 180.png in Resources */,
				4CC58A72285BAE9D00EAC4FB /* 60.png in Resources */,
				4CC58A74285BAE9D00EAC4FB /* 1024.png in Resources */,
				4CC58A75285BAE9D00EAC4FB /* 58.png in Resources */,
				4CB2BA412818803D00B1B1B2 /* Main.storyboard in Resources */,
			);
			runOnlyForDeploymentPostprocessing = 0;
		};
/* End PBXResourcesBuildPhase section */

/* Begin PBXSourcesBuildPhase section */
		4CB2BA322818803C00B1B1B2 /* Sources */ = {
			isa = PBXSourcesBuildPhase;
			buildActionMask = 2147483647;
			files = (
				4CB2BA3E2818803D00B1B1B2 /* ViewController.swift in Sources */,
				4CBD83842821AEF90015DC84 /* PlayViewController.swift in Sources */,
				4CB2BA3A2818803C00B1B1B2 /* AppDelegate.swift in Sources */,
				4CB2BA3C2818803D00B1B1B2 /* SceneDelegate.swift in Sources */,
				4CB2BA51281881F900B1B1B2 /* Bubbles.swift in Sources */,
				4CBD83882821AF2E0015DC84 /* SettingViewController.swift in Sources */,
				4CBD83862821AF120015DC84 /* HighScoreViewController.swift in Sources */,
			);
			runOnlyForDeploymentPostprocessing = 0;
		};
/* End PBXSourcesBuildPhase section */

/* Begin PBXVariantGroup section */
		4CB2BA3F2818803D00B1B1B2 /* Main.storyboard */ = {
			isa = PBXVariantGroup;
			children = (
				4CB2BA402818803D00B1B1B2 /* Base */,
			);
			name = Main.storyboard;
			sourceTree = "<group>";
		};
		4CB2BA442818804000B1B1B2 /* LaunchScreen.storyboard */ = {
			isa = PBXVariantGroup;
			children = (
				4CB2BA452818804000B1B1B2 /* Base */,
			);
			name = LaunchScreen.storyboard;
			sourceTree = "<group>";
		};
/* End PBXVariantGroup section */

/* Begin XCBuildConfiguration section */
		4CB2BA482818804000B1B1B2 /* Debug */ = {
			isa = XCBuildConfiguration;
			buildSettings = {
				ALWAYS_SEARCH_USER_PATHS = NO;
				CLANG_ANALYZER_NONNULL = YES;
				CLANG_ANALYZER_NUMBER_OBJECT_CONVERSION = YES_AGGRESSIVE;
				CLANG_CXX_LANGUAGE_STANDARD = "gnu++17";
				CLANG_ENABLE_MODULES = YES;
				CLANG_ENABLE_OBJC_ARC = YES;
				CLANG_ENABLE_OBJC_WEAK = YES;
				CLANG_WARN_BLOCK_CAPTURE_AUTORELEASING = YES;
				CLANG_WARN_BOOL_CONVERSION = YES;
				CLANG_WARN_COMMA = YES;
				CLANG_WARN_CONSTANT_CONVERSION = YES;
				CLANG_WARN_DEPRECATED_OBJC_IMPLEMENTATIONS = YES;
				CLANG_WARN_DIRECT_OBJC_ISA_USAGE = YES_ERROR;
				CLANG_WARN_DOCUMENTATION_COMMENTS = YES;
				CLANG_WARN_EMPTY_BODY = YES;
				CLANG_WARN_ENUM_CONVERSION = YES;
				CLANG_WARN_INFINITE_RECURSION = YES;
				CLANG_WARN_INT_CONVERSION = YES;
				CLANG_WARN_NON_LITERAL_NULL_CONVERSION = YES;
				CLANG_WARN_OBJC_IMPLICIT_RETAIN_SELF = YES;
				CLANG_WARN_OBJC_LITERAL_CONVERSION = YES;
				CLANG_WARN_OBJC_ROOT_CLASS = YES_ERROR;
				CLANG_WARN_QUOTED_INCLUDE_IN_FRAMEWORK_HEADER = YES;
				CLANG_WARN_RANGE_LOOP_ANALYSIS = YES;
				CLANG_WARN_STRICT_PROTOTYPES = YES;
				CLANG_WARN_SUSPICIOUS_MOVE = YES;
				CLANG_WARN_UNGUARDED_AVAILABILITY = YES_AGGRESSIVE;
				CLANG_WARN_UNREACHABLE_CODE = YES;
				CLANG_WARN__DUPLICATE_METHOD_MATCH = YES;
				COPY_PHASE_STRIP = NO;
				DEBUG_INFORMATION_FORMAT = dwarf;
				ENABLE_STRICT_OBJC_MSGSEND = YES;
				ENABLE_TESTABILITY = YES;
				GCC_C_LANGUAGE_STANDARD = gnu11;
				GCC_DYNAMIC_NO_PIC = NO;
				GCC_NO_COMMON_BLOCKS = YES;
				GCC_OPTIMIZATION_LEVEL = 0;
				GCC_PREPROCESSOR_DEFINITIONS = (
					"DEBUG=1",
					"$(inherited)",
				);
				GCC_WARN_64_TO_32_BIT_CONVERSION = YES;
				GCC_WARN_ABOUT_RETURN_TYPE = YES_ERROR;
				GCC_WARN_UNDECLARED_SELECTOR = YES;
				GCC_WARN_UNINITIALIZED_AUTOS = YES_AGGRESSIVE;
				GCC_WARN_UNUSED_FUNCTION = YES;
				GCC_WARN_UNUSED_VARIABLE = YES;
				IPHONEOS_DEPLOYMENT_TARGET = 15.4;
				MTL_ENABLE_DEBUG_INFO = INCLUDE_SOURCE;
				MTL_FAST_MATH = YES;
				ONLY_ACTIVE_ARCH = YES;
				SDKROOT = iphoneos;
				SWIFT_ACTIVE_COMPILATION_CONDITIONS = DEBUG;
				SWIFT_OPTIMIZATION_LEVEL = "-Onone";
			};
			name = Debug;
		};
		4CB2BA492818804000B1B1B2 /* Release */ = {
			isa = XCBuildConfiguration;
			buildSettings = {
				ALWAYS_SEARCH_USER_PATHS = NO;
				CLANG_ANALYZER_NONNULL = YES;
				CLANG_ANALYZER_NUMBER_OBJECT_CONVERSION = YES_AGGRESSIVE;
				CLANG_CXX_LANGUAGE_STANDARD = "gnu++17";
				CLANG_ENABLE_MODULES = YES;
				CLANG_ENABLE_OBJC_ARC = YES;
				CLANG_ENABLE_OBJC_WEAK = YES;
				CLANG_WARN_BLOCK_CAPTURE_AUTORELEASING = YES;
				CLANG_WARN_BOOL_CONVERSION = YES;
				CLANG_WARN_COMMA = YES;
				CLANG_WARN_CONSTANT_CONVERSION = YES;
				CLANG_WARN_DEPRECATED_OBJC_IMPLEMENTATIONS = YES;
				CLANG_WARN_DIRECT_OBJC_ISA_USAGE = YES_ERROR;
				CLANG_WARN_DOCUMENTATION_COMMENTS = YES;
				CLANG_WARN_EMPTY_BODY = YES;
				CLANG_WARN_ENUM_CONVERSION = YES;
				CLANG_WARN_INFINITE_RECURSION = YES;
				CLANG_WARN_INT_CONVERSION = YES;
				CLANG_WARN_NON_LITERAL_NULL_CONVERSION = YES;
				CLANG_WARN_OBJC_IMPLICIT_RETAIN_SELF = YES;
				CLANG_WARN_OBJC_LITERAL_CONVERSION = YES;
				CLANG_WARN_OBJC_ROOT_CLASS = YES_ERROR;
				CLANG_WARN_QUOTED_INCLUDE_IN_FRAMEWORK_HEADER = YES;
				CLANG_WARN_RANGE_LOOP_ANALYSIS = YES;
				CLANG_WARN_STRICT_PROTOTYPES = YES;
				CLANG_WARN_SUSPICIOUS_MOVE = YES;
				CLANG_WARN_UNGUARDED_AVAILABILITY = YES_AGGRESSIVE;
				CLANG_WARN_UNREACHABLE_CODE = YES;
				CLANG_WARN__DUPLICATE_METHOD_MATCH = YES;
				COPY_PHASE_STRIP = NO;
				DEBUG_INFORMATION_FORMAT = "dwarf-with-dsym";
				ENABLE_NS_ASSERTIONS = NO;
				ENABLE_STRICT_OBJC_MSGSEND = YES;
				GCC_C_LANGUAGE_STANDARD = gnu11;
				GCC_NO_COMMON_BLOCKS = YES;
				GCC_WARN_64_TO_32_BIT_CONVERSION = YES;
				GCC_WARN_ABOUT_RETURN_TYPE = YES_ERROR;
				GCC_WARN_UNDECLARED_SELECTOR = YES;
				GCC_WARN_UNINITIALIZED_AUTOS = YES_AGGRESSIVE;
				GCC_WARN_UNUSED_FUNCTION = YES;
				GCC_WARN_UNUSED_VARIABLE = YES;
				IPHONEOS_DEPLOYMENT_TARGET = 15.4;
				MTL_ENABLE_DEBUG_INFO = NO;
				MTL_FAST_MATH = YES;
				SDKROOT = iphoneos;
				SWIFT_COMPILATION_MODE = wholemodule;
				SWIFT_OPTIMIZATION_LEVEL = "-O";
				VALIDATE_PRODUCT = YES;
			};
			name = Release;
		};
		4CB2BA4B2818804000B1B1B2 /* Debug */ = {
			isa = XCBuildConfiguration;
			buildSettings = {
				ASSETCATALOG_COMPILER_APPICON_NAME = AppIcon;
				ASSETCATALOG_COMPILER_GLOBAL_ACCENT_COLOR_NAME = AccentColor;
				CODE_SIGN_STYLE = Automatic;
				CURRENT_PROJECT_VERSION = 1;
				DEVELOPMENT_TEAM = JQPC48XU35;
				GENERATE_INFOPLIST_FILE = YES;
				INFOPLIST_FILE = Bubbles/Info.plist;
				INFOPLIST_KEY_UIApplicationSupportsIndirectInputEvents = YES;
				INFOPLIST_KEY_UILaunchStoryboardName = LaunchScreen;
				INFOPLIST_KEY_UIMainStoryboardFile = Main;
				INFOPLIST_KEY_UISupportedInterfaceOrientations_iPad = "UIInterfaceOrientationPortrait UIInterfaceOrientationPortraitUpsideDown UIInterfaceOrientationLandscapeLeft UIInterfaceOrientationLandscapeRight";
				INFOPLIST_KEY_UISupportedInterfaceOrientations_iPhone = "UIInterfaceOrientationPortrait UIInterfaceOrientationLandscapeLeft UIInterfaceOrientationLandscapeRight";
				LD_RUNPATH_SEARCH_PATHS = (
					"$(inherited)",
					"@executable_path/Frameworks",
				);
				MARKETING_VERSION = 1.0;
				PRODUCT_BUNDLE_IDENTIFIER = com.lablimited.Bubbles;
				PRODUCT_NAME = "$(TARGET_NAME)";
				SWIFT_EMIT_LOC_STRINGS = YES;
				SWIFT_VERSION = 5.0;
				TARGETED_DEVICE_FAMILY = "1,2";
			};
			name = Debug;
		};
		4CB2BA4C2818804000B1B1B2 /* Release */ = {
			isa = XCBuildConfiguration;
			buildSettings = {
				ASSETCATALOG_COMPILER_APPICON_NAME = AppIcon;
				ASSETCATALOG_COMPILER_GLOBAL_ACCENT_COLOR_NAME = AccentColor;
				CODE_SIGN_STYLE = Automatic;
				CURRENT_PROJECT_VERSION = 1;
				DEVELOPMENT_TEAM = JQPC48XU35;
				GENERATE_INFOPLIST_FILE = YES;
				INFOPLIST_FILE = Bubbles/Info.plist;
				INFOPLIST_KEY_UIApplicationSupportsIndirectInputEvents = YES;
				INFOPLIST_KEY_UILaunchStoryboardName = LaunchScreen;
				INFOPLIST_KEY_UIMainStoryboardFile = Main;
				INFOPLIST_KEY_UISupportedInterfaceOrientations_iPad = "UIInterfaceOrientationPortrait UIInterfaceOrientationPortraitUpsideDown UIInterfaceOrientationLandscapeLeft UIInterfaceOrientationLandscapeRight";
				INFOPLIST_KEY_UISupportedInterfaceOrientations_iPhone = "UIInterfaceOrientationPortrait UIInterfaceOrientationLandscapeLeft UIInterfaceOrientationLandscapeRight";
				LD_RUNPATH_SEARCH_PATHS = (
					"$(inherited)",
					"@executable_path/Frameworks",
				);
				MARKETING_VERSION = 1.0;
				PRODUCT_BUNDLE_IDENTIFIER = com.lablimited.Bubbles;
				PRODUCT_NAME = "$(TARGET_NAME)";
				SWIFT_EMIT_LOC_STRINGS = YES;
				SWIFT_VERSION = 5.0;
				TARGETED_DEVICE_FAMILY = "1,2";
			};
			name = Release;
		};
/* End XCBuildConfiguration section */

/* Begin XCConfigurationList section */
		4CB2BA312818803C00B1B1B2 /* Build configuration list for PBXProject "Bubbles" */ = {
			isa = XCConfigurationList;
			buildConfigurations = (
				4CB2BA482818804000B1B1B2 /* Debug */,
				4CB2BA492818804000B1B1B2 /* Release */,
			);
			defaultConfigurationIsVisible = 0;
			defaultConfigurationName = Release;
		};
		4CB2BA4A2818804000B1B1B2 /* Build configuration list for PBXNativeTarget "Bubbles" */ = {
			isa = XCConfigurationList;
			buildConfigurations = (
				4CB2BA4B2818804000B1B1B2 /* Debug */,
				4CB2BA4C2818804000B1B1B2 /* Release */,
			);
			defaultConfigurationIsVisible = 0;
			defaultConfigurationName = Release;
		};
/* End XCConfigurationList section */
	};
	rootObject = 4CB2BA2E2818803C00B1B1B2 /* Project object */;
}
